
Microsoft Visual Studio Solution File, Format Version 12.00
# Visual Studio Version 17
VisualStudioVersion = 17.6.33829.357
MinimumVisualStudioVersion = 10.0.40219.1
Project("{FAE04EC0-301F-11D3-BF4B-00C04F79EFBC}") = "Assignment", "Assignment\Assignment.csproj", "{CD4D278F-54A8-4E2F-9630-6CBF8899FEDB}"
EndProject
Global
	GlobalSection(SolutionConfigurationPlatforms) = preSolution
		Debug|Any CPU = Debug|Any CPU
		Release|Any CPU = Release|Any CPU
	EndGlobalSection
	GlobalSection(ProjectConfigurationPlatforms) = postSolution
		{CD4D278F-54A8-4E2F-9630-6CBF8899FEDB}.Debug|Any CPU.ActiveCfg = Debug|Any CPU
		{CD4D278F-54A8-4E2F-9630-6CBF8899FEDB}.Debug|Any CPU.Build.0 = Debug|Any CPU
		{CD4D278F-54A8-4E2F-9630-6CBF8899FEDB}.Release|Any CPU.ActiveCfg = Release|Any CPU
		{CD4D278F-54A8-4E2F-9630-6CBF8899FEDB}.Release|Any CPU.Build.0 = Release|Any CPU
	EndGlobalSection
	GlobalSection(SolutionProperties) = preSolution
		HideSolutionNode = FALSE
	EndGlobalSection
	GlobalSection(ExtensibilityGlobals) = postSolution
		SolutionGuid = {55BBBE78-9C72-4ACC-B23F-1B8887900BCA}
	EndGlobalSection
EndGlobal
